
Microsoft Visual Studio Solution File, Format Version 12.00
# Visual Studio Version 16
VisualStudioVersion = 16.0.28922.388
MinimumVisualStudioVersion = 10.0.40219.1
Project("{FAE04EC0-301F-11D3-BF4B-00C04F79EFBC}") = "Obliterator", "ValheimObliterator\Obliterator.csproj", "{F1119EE4-7421-4CC6-A208-ABE8B4C37D5C}"
EndProject
Project("{FAE04EC0-301F-11D3-BF4B-00C04F79EFBC}") = "TomekDexValheimModHelper", "TomekDexValheimModHelper\TomekDexValheimModHelper.csproj", "{BB767E70-BD56-4512-A8E1-4034FFE3B4CE}"
EndProject
Project("{FAE04EC0-301F-11D3-BF4B-00C04F79EFBC}") = "ContainerQuickDistribution", "ContainerQuickDistribution\ContainerQuickDistribution.csproj", "{64550A00-2EAD-4CF8-81FB-404E599F5515}"
EndProject
Project("{FAE04EC0-301F-11D3-BF4B-00C04F79EFBC}") = "SkanMod", "SkanMod\SkanMod.csproj", "{DB1CE147-B98C-4DD1-93F4-B4F2575ED824}"
EndProject
Project("{FAE04EC0-301F-11D3-BF4B-00C04F79EFBC}") = "ContainerQuickAccess", "ContainerQuickAccess\ContainerQuickAccess.csproj", "{CAC22CA6-8815-4977-B415-9746D9E6D25D}"
EndProject
Project("{FAE04EC0-301F-11D3-BF4B-00C04F79EFBC}") = "NoFlyingRocks", "NoFlyingRocks\NoFlyingRocks.csproj", "{60179020-36BE-4953-AA2A-9F80BB6266FA}"
EndProject
Project("{FAE04EC0-301F-11D3-BF4B-00C04F79EFBC}") = "NoFlyingRocksCalculator", "NoFlyingRocksCalculator\NoFlyingRocksCalculator.csproj", "{0B6F5AB5-F4A9-4EE5-A5AB-B95B853EAC20}"
EndProject
Global
	GlobalSection(SolutionConfigurationPlatforms) = preSolution
		Debug|Any CPU = Debug|Any CPU
		Release|Any CPU = Release|Any CPU
	EndGlobalSection
	GlobalSection(ProjectConfigurationPlatforms) = postSolution
		{F1119EE4-7421-4CC6-A208-ABE8B4C37D5C}.Debug|Any CPU.ActiveCfg = Debug|Any CPU
		{F1119EE4-7421-4CC6-A208-ABE8B4C37D5C}.Debug|Any CPU.Build.0 = Debug|Any CPU
		{F1119EE4-7421-4CC6-A208-ABE8B4C37D5C}.Release|Any CPU.ActiveCfg = Release|Any CPU
		{F1119EE4-7421-4CC6-A208-ABE8B4C37D5C}.Release|Any CPU.Build.0 = Release|Any CPU
		{BB767E70-BD56-4512-A8E1-4034FFE3B4CE}.Debug|Any CPU.ActiveCfg = Debug|Any CPU
		{BB767E70-BD56-4512-A8E1-4034FFE3B4CE}.Debug|Any CPU.Build.0 = Debug|Any CPU
		{BB767E70-BD56-4512-A8E1-4034FFE3B4CE}.Release|Any CPU.ActiveCfg = Release|Any CPU
		{BB767E70-BD56-4512-A8E1-4034FFE3B4CE}.Release|Any CPU.Build.0 = Release|Any CPU
		{64550A00-2EAD-4CF8-81FB-404E599F5515}.Debug|Any CPU.ActiveCfg = Debug|Any CPU
		{64550A00-2EAD-4CF8-81FB-404E599F5515}.Debug|Any CPU.Build.0 = Debug|Any CPU
		{64550A00-2EAD-4CF8-81FB-404E599F5515}.Release|Any CPU.ActiveCfg = Release|Any CPU
		{64550A00-2EAD-4CF8-81FB-404E599F5515}.Release|Any CPU.Build.0 = Release|Any CPU
		{DB1CE147-B98C-4DD1-93F4-B4F2575ED824}.Debug|Any CPU.ActiveCfg = Debug|Any CPU
		{DB1CE147-B98C-4DD1-93F4-B4F2575ED824}.Debug|Any CPU.Build.0 = Debug|Any CPU
		{DB1CE147-B98C-4DD1-93F4-B4F2575ED824}.Release|Any CPU.ActiveCfg = Release|Any CPU
		{DB1CE147-B98C-4DD1-93F4-B4F2575ED824}.Release|Any CPU.Build.0 = Release|Any CPU
		{CAC22CA6-8815-4977-B415-9746D9E6D25D}.Debug|Any CPU.ActiveCfg = Debug|Any CPU
		{CAC22CA6-8815-4977-B415-9746D9E6D25D}.Debug|Any CPU.Build.0 = Debug|Any CPU
		{CAC22CA6-8815-4977-B415-9746D9E6D25D}.Release|Any CPU.ActiveCfg = Release|Any CPU
		{CAC22CA6-8815-4977-B415-9746D9E6D25D}.Release|Any CPU.Build.0 = Release|Any CPU
		{60179020-36BE-4953-AA2A-9F80BB6266FA}.Debug|Any CPU.ActiveCfg = Debug|Any CPU
		{60179020-36BE-4953-AA2A-9F80BB6266FA}.Debug|Any CPU.Build.0 = Debug|Any CPU
		{60179020-36BE-4953-AA2A-9F80BB6266FA}.Release|Any CPU.ActiveCfg = Release|Any CPU
		{60179020-36BE-4953-AA2A-9F80BB6266FA}.Release|Any CPU.Build.0 = Release|Any CPU
		{0B6F5AB5-F4A9-4EE5-A5AB-B95B853EAC20}.Debug|Any CPU.ActiveCfg = Debug|Any CPU
		{0B6F5AB5-F4A9-4EE5-A5AB-B95B853EAC20}.Debug|Any CPU.Build.0 = Debug|Any CPU
		{0B6F5AB5-F4A9-4EE5-A5AB-B95B853EAC20}.Release|Any CPU.ActiveCfg = Release|Any CPU
		{0B6F5AB5-F4A9-4EE5-A5AB-B95B853EAC20}.Release|Any CPU.Build.0 = Release|Any CPU
	EndGlobalSection
	GlobalSection(SolutionProperties) = preSolution
		HideSolutionNode = FALSE
	EndGlobalSection
	GlobalSection(ExtensibilityGlobals) = postSolution
		SolutionGuid = {E931931D-17A3-4F73-816B-BFC2EFAC2AAE}
	EndGlobalSection
EndGlobal
